
Microsoft Visual Studio Solution File, Format Version 12.00
# Visual Studio Version 17
VisualStudioVersion = 17.5.002.0
MinimumVisualStudioVersion = 10.0.40219.1
Project("{9A19103F-16F7-4668-BE54-9A1E7A4F7556}") = "Simple API", "Simple API.csproj", "{E34174E7-6B66-4751-8B7B-E6B33A542661}"
EndProject
Global
	GlobalSection(SolutionConfigurationPlatforms) = preSolution
		Debug|Any CPU = Debug|Any CPU
		Release|Any CPU = Release|Any CPU
	EndGlobalSection
	GlobalSection(ProjectConfigurationPlatforms) = postSolution
		{E34174E7-6B66-4751-8B7B-E6B33A542661}.Debug|Any CPU.ActiveCfg = Debug|Any CPU
		{E34174E7-6B66-4751-8B7B-E6B33A542661}.Debug|Any CPU.Build.0 = Debug|Any CPU
		{E34174E7-6B66-4751-8B7B-E6B33A542661}.Release|Any CPU.ActiveCfg = Release|Any CPU
		{E34174E7-6B66-4751-8B7B-E6B33A542661}.Release|Any CPU.Build.0 = Release|Any CPU
	EndGlobalSection
	GlobalSection(SolutionProperties) = preSolution
		HideSolutionNode = FALSE
	EndGlobalSection
	GlobalSection(ExtensibilityGlobals) = postSolution
		SolutionGuid = {A492DBA7-4E3E-4135-8F45-D0B7A1429BBC}
	EndGlobalSection
EndGlobal
