
Microsoft Visual Studio Solution File, Format Version 12.00
# Visual Studio Version 17
VisualStudioVersion = 17.8.34309.116
MinimumVisualStudioVersion = 10.0.40219.1
Project("{8BC9CEB8-8B4A-11D0-8D11-00A0C91BC942}") = "Fast Mandelbrot set", "Fast Mandelbrot set\Fast Mandelbrot set.vcxproj", "{8BA8DB54-35AF-4D35-A7F9-3F4DBD4DDEA4}"
EndProject
Global
	GlobalSection(SolutionConfigurationPlatforms) = preSolution
		Debug|x64 = Debug|x64
		Debug|x86 = Debug|x86
		Release|x64 = Release|x64
		Release|x86 = Release|x86
	EndGlobalSection
	GlobalSection(ProjectConfigurationPlatforms) = postSolution
		{8BA8DB54-35AF-4D35-A7F9-3F4DBD4DDEA4}.Debug|x64.ActiveCfg = Debug|x64
		{8BA8DB54-35AF-4D35-A7F9-3F4DBD4DDEA4}.Debug|x64.Build.0 = Debug|x64
		{8BA8DB54-35AF-4D35-A7F9-3F4DBD4DDEA4}.Debug|x86.ActiveCfg = Debug|Win32
		{8BA8DB54-35AF-4D35-A7F9-3F4DBD4DDEA4}.Debug|x86.Build.0 = Debug|Win32
		{8BA8DB54-35AF-4D35-A7F9-3F4DBD4DDEA4}.Release|x64.ActiveCfg = Release|x64
		{8BA8DB54-35AF-4D35-A7F9-3F4DBD4DDEA4}.Release|x64.Build.0 = Release|x64
		{8BA8DB54-35AF-4D35-A7F9-3F4DBD4DDEA4}.Release|x86.ActiveCfg = Release|Win32
		{8BA8DB54-35AF-4D35-A7F9-3F4DBD4DDEA4}.Release|x86.Build.0 = Release|Win32
	EndGlobalSection
	GlobalSection(SolutionProperties) = preSolution
		HideSolutionNode = FALSE
	EndGlobalSection
	GlobalSection(ExtensibilityGlobals) = postSolution
		SolutionGuid = {A4505DE5-2BDF-4B13-B2A3-B89754D983C8}
	EndGlobalSection
EndGlobal
